github.com/fopina/scanner-go-entrypoint v0.1.0 h1:C3sRLAGPAqC5h2OioiMkwJpaIPh3TX2Y926AVdJ+ooE=
github.com/fopina/scanner-go-entrypoint v0.1.0/go.mod h1:tX7oa0ak7Ii4KkKrngGEDleDkQdA7FVzpSEcfbh1dvc=
github.com/spf13/pflag v1.0.5 h1:iy+VFUOCP1a+8yFto/drg2CJ5u0yRoB7fZw3DKv/JXA=
github.com/spf13/pflag v1.0.5/go.mod h1:McXfInJRrz4CZXVZOBLb0bTZqETkiAhM9Iw0y3An2Bg=
